// !$*UTF8*$!
{
	archiveVersion = 1;
	classes = {
	};
	objectVersion = 55;
	objects = {

/* Begin PBXBuildFile section */
		BA12D59828B8C0FC00ACC84C /* AppDelegate.swift in Sources */ = {isa = PBXBuildFile; fileRef = BA12D59728B8C0FC00ACC84C /* AppDelegate.swift */; };
		BA12D59A28B8C0FC00ACC84C /* SceneDelegate.swift in Sources */ = {isa = PBXBuildFile; fileRef = BA12D59928B8C0FC00ACC84C /* SceneDelegate.swift */; };
		BA12D59C28B8C0FC00ACC84C /* ViewController.swift in Sources */ = {isa = PBXBuildFile; fileRef = BA12D59B28B8C0FC00ACC84C /* ViewController.swift */; };
		BA12D59F28B8C0FC00ACC84C /* Main.storyboard in Resources */ = {isa = PBXBuildFile; fileRef = BA12D59D28B8C0FC00ACC84C /* Main.storyboard */; };
		BA12D5A128B8C0FD00ACC84C /* Assets.xcassets in Resources */ = {isa = PBXBuildFile; fileRef = BA12D5A028B8C0FD00ACC84C /* Assets.xcassets */; };
		BA12D5A428B8C0FD00ACC84C /* LaunchScreen.storyboard in Resources */ = {isa = PBXBuildFile; fileRef = BA12D5A228B8C0FD00ACC84C /* LaunchScreen.storyboard */; };
		BA12D5AF28B8C10A00ACC84C /* ryo.jpg in Resources */ = {isa = PBXBuildFile; fileRef = BA12D5AC28B8C10A00ACC84C /* ryo.jpg */; };
		BA12D5B028B8C10A00ACC84C /* nagata.jpg in Resources */ = {isa = PBXBuildFile; fileRef = BA12D5AD28B8C10A00ACC84C /* nagata.jpg */; };
		BA12D5B128B8C10A00ACC84C /* taithi.jpg in Resources */ = {isa = PBXBuildFile; fileRef = BA12D5AE28B8C10A00ACC84C /* taithi.jpg */; };
		BA12D5B328B8C2CE00ACC84C /* menter.swift in Sources */ = {isa = PBXBuildFile; fileRef = BA12D5B228B8C2CE00ACC84C /* menter.swift */; };
/* End PBXBuildFile section */

/* Begin PBXFileReference section */
		BA12D59428B8C0FC00ACC84C /* Menterbook.app */ = {isa = PBXFileReference; explicitFileType = wrapper.application; includeInIndex = 0; path = Menterbook.app; sourceTree = BUILT_PRODUCTS_DIR; };
		BA12D59728B8C0FC00ACC84C /* AppDelegate.swift */ = {isa = PBXFileReference; lastKnownFileType = sourcecode.swift; path = AppDelegate.swift; sourceTree = "<group>"; };
		BA12D59928B8C0FC00ACC84C /* SceneDelegate.swift */ = {isa = PBXFileReference; lastKnownFileType = sourcecode.swift; path = SceneDelegate.swift; sourceTree = "<group>"; };
		BA12D59B28B8C0FC00ACC84C /* ViewController.swift */ = {isa = PBXFileReference; lastKnownFileType = sourcecode.swift; path = ViewController.swift; sourceTree = "<group>"; };
		BA12D59E28B8C0FC00ACC84C /* Base */ = {isa = PBXFileReference; lastKnownFileType = file.storyboard; name = Base; path = Base.lproj/Main.storyboard; sourceTree = "<group>"; };
		BA12D5A028B8C0FD00ACC84C /* Assets.xcassets */ = {isa = PBXFileReference; lastKnownFileType = folder.assetcatalog; path = Assets.xcassets; sourceTree = "<group>"; };
		BA12D5A328B8C0FD00ACC84C /* Base */ = {isa = PBXFileReference; lastKnownFileType = file.storyboard; name = Base; path = Base.lproj/LaunchScreen.storyboard; sourceTree = "<group>"; };
		BA12D5A528B8C0FD00ACC84C /* Info.plist */ = {isa = PBXFileReference; lastKnownFileType = text.plist.xml; path = Info.plist; sourceTree = "<group>"; };
		BA12D5AC28B8C10A00ACC84C /* ryo.jpg */ = {isa = PBXFileReference; lastKnownFileType = image.jpeg; path = ryo.jpg; sourceTree = "<group>"; };
		BA12D5AD28B8C10A00ACC84C /* nagata.jpg */ = {isa = PBXFileReference; lastKnownFileType = image.jpeg; path = nagata.jpg; sourceTree = "<group>"; };
		BA12D5AE28B8C10A00ACC84C /* taithi.jpg */ = {isa = PBXFileReference; lastKnownFileType = image.jpeg; path = taithi.jpg; sourceTree = "<group>"; };
		BA12D5B228B8C2CE00ACC84C /* menter.swift */ = {isa = PBXFileReference; lastKnownFileType = sourcecode.swift; path = menter.swift; sourceTree = "<group>"; };
/* End PBXFileReference section */

/* Begin PBXFrameworksBuildPhase section */
		BA12D59128B8C0FC00ACC84C /* Frameworks */ = {
			isa = PBXFrameworksBuildPhase;
			buildActionMask = 2147483647;
			files = (
			);
			runOnlyForDeploymentPostprocessing = 0;
		};
/* End PBXFrameworksBuildPhase section */

/* Begin PBXGroup section */
		BA12D58B28B8C0FC00ACC84C = {
			isa = PBXGroup;
			children = (
				BA12D59628B8C0FC00ACC84C /* Menterbook */,
				BA12D59528B8C0FC00ACC84C /* Products */,
			);
			sourceTree = "<group>";
		};
		BA12D59528B8C0FC00ACC84C /* Products */ = {
			isa = PBXGroup;
			children = (
				BA12D59428B8C0FC00ACC84C /* Menterbook.app */,
			);
			name = Products;
			sourceTree = "<group>";
		};
		BA12D59628B8C0FC00ACC84C /* Menterbook */ = {
			isa = PBXGroup;
			children = (
				BA12D59728B8C0FC00ACC84C /* AppDelegate.swift */,
				BA12D59928B8C0FC00ACC84C /* SceneDelegate.swift */,
				BA12D59B28B8C0FC00ACC84C /* ViewController.swift */,
				BA12D5B228B8C2CE00ACC84C /* menter.swift */,
				BA12D59D28B8C0FC00ACC84C /* Main.storyboard */,
				BA12D5A028B8C0FD00ACC84C /* Assets.xcassets */,
				BA12D5A228B8C0FD00ACC84C /* LaunchScreen.storyboard */,
				BA12D5A528B8C0FD00ACC84C /* Info.plist */,
				BA12D5AB28B8C10A00ACC84C /* images */,
			);
			path = Menterbook;
			sourceTree = "<group>";
		};
		BA12D5AB28B8C10A00ACC84C /* images */ = {
			isa = PBXGroup;
			children = (
				BA12D5AC28B8C10A00ACC84C /* ryo.jpg */,
				BA12D5AD28B8C10A00ACC84C /* nagata.jpg */,
				BA12D5AE28B8C10A00ACC84C /* taithi.jpg */,
			);
			path = images;
			sourceTree = "<group>";
		};
/* End PBXGroup section */

/* Begin PBXNativeTarget section */
		BA12D59328B8C0FC00ACC84C /* Menterbook */ = {
			isa = PBXNativeTarget;
			buildConfigurationList = BA12D5A828B8C0FD00ACC84C /* Build configuration list for PBXNativeTarget "Menterbook" */;
			buildPhases = (
				BA12D59028B8C0FC00ACC84C /* Sources */,
				BA12D59128B8C0FC00ACC84C /* Frameworks */,
				BA12D59228B8C0FC00ACC84C /* Resources */,
			);
			buildRules = (
			);
			dependencies = (
			);
			name = Menterbook;
			productName = Menterbook;
			productReference = BA12D59428B8C0FC00ACC84C /* Menterbook.app */;
			productType = "com.apple.product-type.application";
		};
/* End PBXNativeTarget section */

/* Begin PBXProject section */
		BA12D58C28B8C0FC00ACC84C /* Project object */ = {
			isa = PBXProject;
			attributes = {
				BuildIndependentTargetsInParallel = 1;
				LastSwiftUpdateCheck = 1340;
				LastUpgradeCheck = 1340;
				TargetAttributes = {
					BA12D59328B8C0FC00ACC84C = {
						CreatedOnToolsVersion = 13.4.1;
					};
				};
			};
			buildConfigurationList = BA12D58F28B8C0FC00ACC84C /* Build configuration list for PBXProject "Menterbook" */;
			compatibilityVersion = "Xcode 13.0";
			developmentRegion = en;
			hasScannedForEncodings = 0;
			knownRegions = (
				en,
				Base,
			);
			mainGroup = BA12D58B28B8C0FC00ACC84C;
			productRefGroup = BA12D59528B8C0FC00ACC84C /* Products */;
			projectDirPath = "";
			projectRoot = "";
			targets = (
				BA12D59328B8C0FC00ACC84C /* Menterbook */,
			);
		};
/* End PBXProject section */

/* Begin PBXResourcesBuildPhase section */
		BA12D59228B8C0FC00ACC84C /* Resources */ = {
			isa = PBXResourcesBuildPhase;
			buildActionMask = 2147483647;
			files = (
				BA12D5B128B8C10A00ACC84C /* taithi.jpg in Resources */,
				BA12D5AF28B8C10A00ACC84C /* ryo.jpg in Resources */,
				BA12D5B028B8C10A00ACC84C /* nagata.jpg in Resources */,
				BA12D5A428B8C0FD00ACC84C /* LaunchScreen.storyboard in Resources */,
				BA12D5A128B8C0FD00ACC84C /* Assets.xcassets in Resources */,
				BA12D59F28B8C0FC00ACC84C /* Main.storyboard in Resources */,
			);
			runOnlyForDeploymentPostprocessing = 0;
		};
/* End PBXResourcesBuildPhase section */

/* Begin PBXSourcesBuildPhase section */
		BA12D59028B8C0FC00ACC84C /* Sources */ = {
			isa = PBXSourcesBuildPhase;
			buildActionMask = 2147483647;
			files = (
				BA12D59C28B8C0FC00ACC84C /* ViewController.swift in Sources */,
				BA12D59828B8C0FC00ACC84C /* AppDelegate.swift in Sources */,
				BA12D5B328B8C2CE00ACC84C /* menter.swift in Sources */,
				BA12D59A28B8C0FC00ACC84C /* SceneDelegate.swift in Sources */,
			);
			runOnlyForDeploymentPostprocessing = 0;
		};
/* End PBXSourcesBuildPhase section */

/* Begin PBXVariantGroup section */
		BA12D59D28B8C0FC00ACC84C /* Main.storyboard */ = {
			isa = PBXVariantGroup;
			children = (
				BA12D59E28B8C0FC00ACC84C /* Base */,
			);
			name = Main.storyboard;
			sourceTree = "<group>";
		};
		BA12D5A228B8C0FD00ACC84C /* LaunchScreen.storyboard */ = {
			isa = PBXVariantGroup;
			children = (
				BA12D5A328B8C0FD00ACC84C /* Base */,
			);
			name = LaunchScreen.storyboard;
			sourceTree = "<group>";
		};
/* End PBXVariantGroup section */

/* Begin XCBuildConfiguration section */
		BA12D5A628B8C0FD00ACC84C /* Debug */ = {
			isa = XCBuildConfiguration;
			buildSettings = {
				ALWAYS_SEARCH_USER_PATHS = NO;
				CLANG_ANALYZER_NONNULL = YES;
				CLANG_ANALYZER_NUMBER_OBJECT_CONVERSION = YES_AGGRESSIVE;
				CLANG_CXX_LANGUAGE_STANDARD = "gnu++17";
				CLANG_ENABLE_MODULES = YES;
				CLANG_ENABLE_OBJC_ARC = YES;
				CLANG_ENABLE_OBJC_WEAK = YES;
				CLANG_WARN_BLOCK_CAPTURE_AUTORELEASING = YES;
				CLANG_WARN_BOOL_CONVERSION = YES;
				CLANG_WARN_COMMA = YES;
				CLANG_WARN_CONSTANT_CONVERSION = YES;
				CLANG_WARN_DEPRECATED_OBJC_IMPLEMENTATIONS = YES;
				CLANG_WARN_DIRECT_OBJC_ISA_USAGE = YES_ERROR;
				CLANG_WARN_DOCUMENTATION_COMMENTS = YES;
				CLANG_WARN_EMPTY_BODY = YES;
				CLANG_WARN_ENUM_CONVERSION = YES;
				CLANG_WARN_INFINITE_RECURSION = YES;
				CLANG_WARN_INT_CONVERSION = YES;
				CLANG_WARN_NON_LITERAL_NULL_CONVERSION = YES;
				CLANG_WARN_OBJC_IMPLICIT_RETAIN_SELF = YES;
				CLANG_WARN_OBJC_LITERAL_CONVERSION = YES;
				CLANG_WARN_OBJC_ROOT_CLASS = YES_ERROR;
				CLANG_WARN_QUOTED_INCLUDE_IN_FRAMEWORK_HEADER = YES;
				CLANG_WARN_RANGE_LOOP_ANALYSIS = YES;
				CLANG_WARN_STRICT_PROTOTYPES = YES;
				CLANG_WARN_SUSPICIOUS_MOVE = YES;
				CLANG_WARN_UNGUARDED_AVAILABILITY = YES_AGGRESSIVE;
				CLANG_WARN_UNREACHABLE_CODE = YES;
				CLANG_WARN__DUPLICATE_METHOD_MATCH = YES;
				COPY_PHASE_STRIP = NO;
				DEBUG_INFORMATION_FORMAT = dwarf;
				ENABLE_STRICT_OBJC_MSGSEND = YES;
				ENABLE_TESTABILITY = YES;
				GCC_C_LANGUAGE_STANDARD = gnu11;
				GCC_DYNAMIC_NO_PIC = NO;
				GCC_NO_COMMON_BLOCKS = YES;
				GCC_OPTIMIZATION_LEVEL = 0;
				GCC_PREPROCESSOR_DEFINITIONS = (
					"DEBUG=1",
					"$(inherited)",
				);
				GCC_WARN_64_TO_32_BIT_CONVERSION = YES;
				GCC_WARN_ABOUT_RETURN_TYPE = YES_ERROR;
				GCC_WARN_UNDECLARED_SELECTOR = YES;
				GCC_WARN_UNINITIALIZED_AUTOS = YES_AGGRESSIVE;
				GCC_WARN_UNUSED_FUNCTION = YES;
				GCC_WARN_UNUSED_VARIABLE = YES;
				IPHONEOS_DEPLOYMENT_TARGET = 15.5;
				MTL_ENABLE_DEBUG_INFO = INCLUDE_SOURCE;
				MTL_FAST_MATH = YES;
				ONLY_ACTIVE_ARCH = YES;
				SDKROOT = iphoneos;
				SWIFT_ACTIVE_COMPILATION_CONDITIONS = DEBUG;
				SWIFT_OPTIMIZATION_LEVEL = "-Onone";
			};
			name = Debug;
		};
		BA12D5A728B8C0FD00ACC84C /* Release */ = {
			isa = XCBuildConfiguration;
			buildSettings = {
				ALWAYS_SEARCH_USER_PATHS = NO;
				CLANG_ANALYZER_NONNULL = YES;
				CLANG_ANALYZER_NUMBER_OBJECT_CONVERSION = YES_AGGRESSIVE;
				CLANG_CXX_LANGUAGE_STANDARD = "gnu++17";
				CLANG_ENABLE_MODULES = YES;
				CLANG_ENABLE_OBJC_ARC = YES;
				CLANG_ENABLE_OBJC_WEAK = YES;
				CLANG_WARN_BLOCK_CAPTURE_AUTORELEASING = YES;
				CLANG_WARN_BOOL_CONVERSION = YES;
				CLANG_WARN_COMMA = YES;
				CLANG_WARN_CONSTANT_CONVERSION = YES;
				CLANG_WARN_DEPRECATED_OBJC_IMPLEMENTATIONS = YES;
				CLANG_WARN_DIRECT_OBJC_ISA_USAGE = YES_ERROR;
				CLANG_WARN_DOCUMENTATION_COMMENTS = YES;
				CLANG_WARN_EMPTY_BODY = YES;
				CLANG_WARN_ENUM_CONVERSION = YES;
				CLANG_WARN_INFINITE_RECURSION = YES;
				CLANG_WARN_INT_CONVERSION = YES;
				CLANG_WARN_NON_LITERAL_NULL_CONVERSION = YES;
				CLANG_WARN_OBJC_IMPLICIT_RETAIN_SELF = YES;
				CLANG_WARN_OBJC_LITERAL_CONVERSION = YES;
				CLANG_WARN_OBJC_ROOT_CLASS = YES_ERROR;
				CLANG_WARN_QUOTED_INCLUDE_IN_FRAMEWORK_HEADER = YES;
				CLANG_WARN_RANGE_LOOP_ANALYSIS = YES;
				CLANG_WARN_STRICT_PROTOTYPES = YES;
				CLANG_WARN_SUSPICIOUS_MOVE = YES;
				CLANG_WARN_UNGUARDED_AVAILABILITY = YES_AGGRESSIVE;
				CLANG_WARN_UNREACHABLE_CODE = YES;
				CLANG_WARN__DUPLICATE_METHOD_MATCH = YES;
				COPY_PHASE_STRIP = NO;
				DEBUG_INFORMATION_FORMAT = "dwarf-with-dsym";
				ENABLE_NS_ASSERTIONS = NO;
				ENABLE_STRICT_OBJC_MSGSEND = YES;
				GCC_C_LANGUAGE_STANDARD = gnu11;
				GCC_NO_COMMON_BLOCKS = YES;
				GCC_WARN_64_TO_32_BIT_CONVERSION = YES;
				GCC_WARN_ABOUT_RETURN_TYPE = YES_ERROR;
				GCC_WARN_UNDECLARED_SELECTOR = YES;
				GCC_WARN_UNINITIALIZED_AUTOS = YES_AGGRESSIVE;
				GCC_WARN_UNUSED_FUNCTION = YES;
				GCC_WARN_UNUSED_VARIABLE = YES;
				IPHONEOS_DEPLOYMENT_TARGET = 15.5;
				MTL_ENABLE_DEBUG_INFO = NO;
				MTL_FAST_MATH = YES;
				SDKROOT = iphoneos;
				SWIFT_COMPILATION_MODE = wholemodule;
				SWIFT_OPTIMIZATION_LEVEL = "-O";
				VALIDATE_PRODUCT = YES;
			};
			name = Release;
		};
		BA12D5A928B8C0FD00ACC84C /* Debug */ = {
			isa = XCBuildConfiguration;
			buildSettings = {
				ASSETCATALOG_COMPILER_APPICON_NAME = AppIcon;
				ASSETCATALOG_COMPILER_GLOBAL_ACCENT_COLOR_NAME = AccentColor;
				CODE_SIGN_STYLE = Automatic;
				CURRENT_PROJECT_VERSION = 1;
				GENERATE_INFOPLIST_FILE = YES;
				INFOPLIST_FILE = Menterbook/Info.plist;
				INFOPLIST_KEY_UIApplicationSupportsIndirectInputEvents = YES;
				INFOPLIST_KEY_UILaunchStoryboardName = LaunchScreen;
				INFOPLIST_KEY_UIMainStoryboardFile = Main;
				INFOPLIST_KEY_UISupportedInterfaceOrientations_iPad = "UIInterfaceOrientationPortrait UIInterfaceOrientationPortraitUpsideDown UIInterfaceOrientationLandscapeLeft UIInterfaceOrientationLandscapeRight";
				INFOPLIST_KEY_UISupportedInterfaceOrientations_iPhone = "UIInterfaceOrientationPortrait UIInterfaceOrientationLandscapeLeft UIInterfaceOrientationLandscapeRight";
				LD_RUNPATH_SEARCH_PATHS = (
					"$(inherited)",
					"@executable_path/Frameworks",
				);
				MARKETING_VERSION = 1.0;
				PRODUCT_BUNDLE_IDENTIFIER = com.lifeistech.Menterbook;
				PRODUCT_NAME = "$(TARGET_NAME)";
				SWIFT_EMIT_LOC_STRINGS = YES;
				SWIFT_VERSION = 5.0;
				TARGETED_DEVICE_FAMILY = "1,2";
			};
			name = Debug;
		};
		BA12D5AA28B8C0FD00ACC84C /* Release */ = {
			isa = XCBuildConfiguration;
			buildSettings = {
				ASSETCATALOG_COMPILER_APPICON_NAME = AppIcon;
				ASSETCATALOG_COMPILER_GLOBAL_ACCENT_COLOR_NAME = AccentColor;
				CODE_SIGN_STYLE = Automatic;
				CURRENT_PROJECT_VERSION = 1;
				GENERATE_INFOPLIST_FILE = YES;
				INFOPLIST_FILE = Menterbook/Info.plist;
				INFOPLIST_KEY_UIApplicationSupportsIndirectInputEvents = YES;
				INFOPLIST_KEY_UILaunchStoryboardName = LaunchScreen;
				INFOPLIST_KEY_UIMainStoryboardFile = Main;
				INFOPLIST_KEY_UISupportedInterfaceOrientations_iPad = "UIInterfaceOrientationPortrait UIInterfaceOrientationPortraitUpsideDown UIInterfaceOrientationLandscapeLeft UIInterfaceOrientationLandscapeRight";
				INFOPLIST_KEY_UISupportedInterfaceOrientations_iPhone = "UIInterfaceOrientationPortrait UIInterfaceOrientationLandscapeLeft UIInterfaceOrientationLandscapeRight";
				LD_RUNPATH_SEARCH_PATHS = (
					"$(inherited)",
					"@executable_path/Frameworks",
				);
				MARKETING_VERSION = 1.0;
				PRODUCT_BUNDLE_IDENTIFIER = com.lifeistech.Menterbook;
				PRODUCT_NAME = "$(TARGET_NAME)";
				SWIFT_EMIT_LOC_STRINGS = YES;
				SWIFT_VERSION = 5.0;
				TARGETED_DEVICE_FAMILY = "1,2";
			};
			name = Release;
		};
/* End XCBuildConfiguration section */

/* Begin XCConfigurationList section */
		BA12D58F28B8C0FC00ACC84C /* Build configuration list for PBXProject "Menterbook" */ = {
			isa = XCConfigurationList;
			buildConfigurations = (
				BA12D5A628B8C0FD00ACC84C /* Debug */,
				BA12D5A728B8C0FD00ACC84C /* Release */,
			);
			defaultConfigurationIsVisible = 0;
			defaultConfigurationName = Release;
		};
		BA12D5A828B8C0FD00ACC84C /* Build configuration list for PBXNativeTarget "Menterbook" */ = {
			isa = XCConfigurationList;
			buildConfigurations = (
				BA12D5A928B8C0FD00ACC84C /* Debug */,
				BA12D5AA28B8C0FD00ACC84C /* Release */,
			);
			defaultConfigurationIsVisible = 0;
			defaultConfigurationName = Release;
		};
/* End XCConfigurationList section */
	};
	rootObject = BA12D58C28B8C0FC00ACC84C /* Project object */;
}
